
Microsoft Visual Studio Solution File, Format Version 12.00
# Visual Studio Version 17
VisualStudioVersion = 17.0.31903.59
MinimumVisualStudioVersion = 10.0.40219.1
Project("{2150E333-8FDC-42A3-9474-1A3956D46DE8}") = "src", "src", "{827E0CD3-B72D-47B6-A68D-7590B98EB39B}"
EndProject
Project("{FAE04EC0-301F-11D3-BF4B-00C04F79EFBC}") = "BurgerShop.Domain", "src\BurgerShop.Domain\BurgerShop.Domain.csproj", "{556A5A7F-CBEF-4530-AF53-8469CA5D2347}"
EndProject
Project("{FAE04EC0-301F-11D3-BF4B-00C04F79EFBC}") = "BurgerShop.Application", "src\BurgerShop.Application\BurgerShop.Application.csproj", "{5E5C57EE-6187-4D7A-BBF2-325CDAAE278B}"
EndProject
Project("{FAE04EC0-301F-11D3-BF4B-00C04F79EFBC}") = "BurgerShop.Infrastructure", "src\BurgerShop.Infrastructure\BurgerShop.Infrastructure.csproj", "{F01966B2-62A0-411E-B43F-C4172DECB397}"
EndProject
Project("{FAE04EC0-301F-11D3-BF4B-00C04F79EFBC}") = "BurgerShop.API", "src\BurgerShop.API\BurgerShop.API.csproj", "{E1CF7C75-98F6-426B-9E8B-D5E1E672665E}"
EndProject
Global
	GlobalSection(SolutionConfigurationPlatforms) = preSolution
		Debug|Any CPU = Debug|Any CPU
		Debug|x64 = Debug|x64
		Debug|x86 = Debug|x86
		Release|Any CPU = Release|Any CPU
		Release|x64 = Release|x64
		Release|x86 = Release|x86
	EndGlobalSection
	GlobalSection(ProjectConfigurationPlatforms) = postSolution
		{556A5A7F-CBEF-4530-AF53-8469CA5D2347}.Debug|Any CPU.ActiveCfg = Debug|Any CPU
		{556A5A7F-CBEF-4530-AF53-8469CA5D2347}.Debug|Any CPU.Build.0 = Debug|Any CPU
		{556A5A7F-CBEF-4530-AF53-8469CA5D2347}.Debug|x64.ActiveCfg = Debug|Any CPU
		{556A5A7F-CBEF-4530-AF53-8469CA5D2347}.Debug|x64.Build.0 = Debug|Any CPU
		{556A5A7F-CBEF-4530-AF53-8469CA5D2347}.Debug|x86.ActiveCfg = Debug|Any CPU
		{556A5A7F-CBEF-4530-AF53-8469CA5D2347}.Debug|x86.Build.0 = Debug|Any CPU
		{556A5A7F-CBEF-4530-AF53-8469CA5D2347}.Release|Any CPU.ActiveCfg = Release|Any CPU
		{556A5A7F-CBEF-4530-AF53-8469CA5D2347}.Release|Any CPU.Build.0 = Release|Any CPU
		{556A5A7F-CBEF-4530-AF53-8469CA5D2347}.Release|x64.ActiveCfg = Release|Any CPU
		{556A5A7F-CBEF-4530-AF53-8469CA5D2347}.Release|x64.Build.0 = Release|Any CPU
		{556A5A7F-CBEF-4530-AF53-8469CA5D2347}.Release|x86.ActiveCfg = Release|Any CPU
		{556A5A7F-CBEF-4530-AF53-8469CA5D2347}.Release|x86.Build.0 = Release|Any CPU
		{5E5C57EE-6187-4D7A-BBF2-325CDAAE278B}.Debug|Any CPU.ActiveCfg = Debug|Any CPU
		{5E5C57EE-6187-4D7A-BBF2-325CDAAE278B}.Debug|Any CPU.Build.0 = Debug|Any CPU
		{5E5C57EE-6187-4D7A-BBF2-325CDAAE278B}.Debug|x64.ActiveCfg = Debug|Any CPU
		{5E5C57EE-6187-4D7A-BBF2-325CDAAE278B}.Debug|x64.Build.0 = Debug|Any CPU
		{5E5C57EE-6187-4D7A-BBF2-325CDAAE278B}.Debug|x86.ActiveCfg = Debug|Any CPU
		{5E5C57EE-6187-4D7A-BBF2-325CDAAE278B}.Debug|x86.Build.0 = Debug|Any CPU
		{5E5C57EE-6187-4D7A-BBF2-325CDAAE278B}.Release|Any CPU.ActiveCfg = Release|Any CPU
		{5E5C57EE-6187-4D7A-BBF2-325CDAAE278B}.Release|Any CPU.Build.0 = Release|Any CPU
		{5E5C57EE-6187-4D7A-BBF2-325CDAAE278B}.Release|x64.ActiveCfg = Release|Any CPU
		{5E5C57EE-6187-4D7A-BBF2-325CDAAE278B}.Release|x64.Build.0 = Release|Any CPU
		{5E5C57EE-6187-4D7A-BBF2-325CDAAE278B}.Release|x86.ActiveCfg = Release|Any CPU
		{5E5C57EE-6187-4D7A-BBF2-325CDAAE278B}.Release|x86.Build.0 = Release|Any CPU
		{F01966B2-62A0-411E-B43F-C4172DECB397}.Debug|Any CPU.ActiveCfg = Debug|Any CPU
		{F01966B2-62A0-411E-B43F-C4172DECB397}.Debug|Any CPU.Build.0 = Debug|Any CPU
		{F01966B2-62A0-411E-B43F-C4172DECB397}.Debug|x64.ActiveCfg = Debug|Any CPU
		{F01966B2-62A0-411E-B43F-C4172DECB397}.Debug|x64.Build.0 = Debug|Any CPU
		{F01966B2-62A0-411E-B43F-C4172DECB397}.Debug|x86.ActiveCfg = Debug|Any CPU
		{F01966B2-62A0-411E-B43F-C4172DECB397}.Debug|x86.Build.0 = Debug|Any CPU
		{F01966B2-62A0-411E-B43F-C4172DECB397}.Release|Any CPU.ActiveCfg = Release|Any CPU
		{F01966B2-62A0-411E-B43F-C4172DECB397}.Release|Any CPU.Build.0 = Release|Any CPU
		{F01966B2-62A0-411E-B43F-C4172DECB397}.Release|x64.ActiveCfg = Release|Any CPU
		{F01966B2-62A0-411E-B43F-C4172DECB397}.Release|x64.Build.0 = Release|Any CPU
		{F01966B2-62A0-411E-B43F-C4172DECB397}.Release|x86.ActiveCfg = Release|Any CPU
		{F01966B2-62A0-411E-B43F-C4172DECB397}.Release|x86.Build.0 = Release|Any CPU
		{E1CF7C75-98F6-426B-9E8B-D5E1E672665E}.Debug|Any CPU.ActiveCfg = Debug|Any CPU
		{E1CF7C75-98F6-426B-9E8B-D5E1E672665E}.Debug|Any CPU.Build.0 = Debug|Any CPU
		{E1CF7C75-98F6-426B-9E8B-D5E1E672665E}.Debug|x64.ActiveCfg = Debug|Any CPU
		{E1CF7C75-98F6-426B-9E8B-D5E1E672665E}.Debug|x64.Build.0 = Debug|Any CPU
		{E1CF7C75-98F6-426B-9E8B-D5E1E672665E}.Debug|x86.ActiveCfg = Debug|Any CPU
		{E1CF7C75-98F6-426B-9E8B-D5E1E672665E}.Debug|x86.Build.0 = Debug|Any CPU
		{E1CF7C75-98F6-426B-9E8B-D5E1E672665E}.Release|Any CPU.ActiveCfg = Release|Any CPU
		{E1CF7C75-98F6-426B-9E8B-D5E1E672665E}.Release|Any CPU.Build.0 = Release|Any CPU
		{E1CF7C75-98F6-426B-9E8B-D5E1E672665E}.Release|x64.ActiveCfg = Release|Any CPU
		{E1CF7C75-98F6-426B-9E8B-D5E1E672665E}.Release|x64.Build.0 = Release|Any CPU
		{E1CF7C75-98F6-426B-9E8B-D5E1E672665E}.Release|x86.ActiveCfg = Release|Any CPU
		{E1CF7C75-98F6-426B-9E8B-D5E1E672665E}.Release|x86.Build.0 = Release|Any CPU
	EndGlobalSection
	GlobalSection(SolutionProperties) = preSolution
		HideSolutionNode = FALSE
	EndGlobalSection
	GlobalSection(NestedProjects) = preSolution
		{556A5A7F-CBEF-4530-AF53-8469CA5D2347} = {827E0CD3-B72D-47B6-A68D-7590B98EB39B}
		{5E5C57EE-6187-4D7A-BBF2-325CDAAE278B} = {827E0CD3-B72D-47B6-A68D-7590B98EB39B}
		{F01966B2-62A0-411E-B43F-C4172DECB397} = {827E0CD3-B72D-47B6-A68D-7590B98EB39B}
		{E1CF7C75-98F6-426B-9E8B-D5E1E672665E} = {827E0CD3-B72D-47B6-A68D-7590B98EB39B}
	EndGlobalSection
EndGlobal
